
Microsoft Visual Studio Solution File, Format Version 12.00
# Visual Studio Version 17
VisualStudioVersion = 17.0.31903.59
MinimumVisualStudioVersion = 10.0.40219.1
Project("{FAE04EC0-301F-11D3-BF4B-00C04F79EFBC}") = "Clinica.BlazorServer", "Clinica.BlazorServer\Clinica.BlazorServer.csproj", "{242E7781-214A-9ECE-A0DC-00EE5D63B389}"
EndProject
Project("{FAE04EC0-301F-11D3-BF4B-00C04F79EFBC}") = "Clinica.Dominio", "Clinica.Dominio\Clinica.Dominio.csproj", "{81DAE695-0565-9B04-BED8-8534A7E737E7}"
EndProject
Project("{FAE04EC0-301F-11D3-BF4B-00C04F79EFBC}") = "Clinica.WebAPI", "Clinica.WebAPI\Clinica.WebAPI.csproj", "{C7EA6103-C8F8-9B33-4FFE-422E14C0E28C}"
EndProject
Project("{FAE04EC0-301F-11D3-BF4B-00C04F79EFBC}") = "Clinica.AppWPF", "Clinica.AppWPF\Clinica.AppWPF.csproj", "{AF250A07-7397-425B-8B10-CEA8ADED733D}"
EndProject
Project("{00D1A9C2-B5F0-4AF3-8072-F6C62B433612}") = "Clinica.SQLServerDB", "Clinica.SQLServerDB\Clinica.SQLServerDB.sqlproj", "{F5455DF7-82AA-46F8-B35B-13FC441ACD2D}"
EndProject
Project("{FAE04EC0-301F-11D3-BF4B-00C04F79EFBC}") = "Clinica.DataPersistencia", "Clinica.DataPersistencia\Clinica.DataPersistencia.csproj", "{6D50E785-D079-4784-BB36-04AB83221D88}"
EndProject
Global
	GlobalSection(SolutionConfigurationPlatforms) = preSolution
		Debug|Any CPU = Debug|Any CPU
		Release|Any CPU = Release|Any CPU
	EndGlobalSection
	GlobalSection(ProjectConfigurationPlatforms) = postSolution
		{242E7781-214A-9ECE-A0DC-00EE5D63B389}.Debug|Any CPU.ActiveCfg = Debug|Any CPU
		{242E7781-214A-9ECE-A0DC-00EE5D63B389}.Debug|Any CPU.Build.0 = Debug|Any CPU
		{242E7781-214A-9ECE-A0DC-00EE5D63B389}.Release|Any CPU.ActiveCfg = Release|Any CPU
		{242E7781-214A-9ECE-A0DC-00EE5D63B389}.Release|Any CPU.Build.0 = Release|Any CPU
		{81DAE695-0565-9B04-BED8-8534A7E737E7}.Debug|Any CPU.ActiveCfg = Debug|Any CPU
		{81DAE695-0565-9B04-BED8-8534A7E737E7}.Debug|Any CPU.Build.0 = Debug|Any CPU
		{81DAE695-0565-9B04-BED8-8534A7E737E7}.Release|Any CPU.ActiveCfg = Release|Any CPU
		{81DAE695-0565-9B04-BED8-8534A7E737E7}.Release|Any CPU.Build.0 = Release|Any CPU
		{C7EA6103-C8F8-9B33-4FFE-422E14C0E28C}.Debug|Any CPU.ActiveCfg = Debug|Any CPU
		{C7EA6103-C8F8-9B33-4FFE-422E14C0E28C}.Debug|Any CPU.Build.0 = Debug|Any CPU
		{C7EA6103-C8F8-9B33-4FFE-422E14C0E28C}.Release|Any CPU.ActiveCfg = Release|Any CPU
		{C7EA6103-C8F8-9B33-4FFE-422E14C0E28C}.Release|Any CPU.Build.0 = Release|Any CPU
		{AF250A07-7397-425B-8B10-CEA8ADED733D}.Debug|Any CPU.ActiveCfg = Debug|Any CPU
		{AF250A07-7397-425B-8B10-CEA8ADED733D}.Debug|Any CPU.Build.0 = Debug|Any CPU
		{AF250A07-7397-425B-8B10-CEA8ADED733D}.Release|Any CPU.ActiveCfg = Release|Any CPU
		{AF250A07-7397-425B-8B10-CEA8ADED733D}.Release|Any CPU.Build.0 = Release|Any CPU
		{F5455DF7-82AA-46F8-B35B-13FC441ACD2D}.Debug|Any CPU.ActiveCfg = Debug|Any CPU
		{F5455DF7-82AA-46F8-B35B-13FC441ACD2D}.Debug|Any CPU.Build.0 = Debug|Any CPU
		{F5455DF7-82AA-46F8-B35B-13FC441ACD2D}.Debug|Any CPU.Deploy.0 = Debug|Any CPU
		{F5455DF7-82AA-46F8-B35B-13FC441ACD2D}.Release|Any CPU.ActiveCfg = Release|Any CPU
		{F5455DF7-82AA-46F8-B35B-13FC441ACD2D}.Release|Any CPU.Build.0 = Release|Any CPU
		{F5455DF7-82AA-46F8-B35B-13FC441ACD2D}.Release|Any CPU.Deploy.0 = Release|Any CPU
		{6D50E785-D079-4784-BB36-04AB83221D88}.Debug|Any CPU.ActiveCfg = Debug|Any CPU
		{6D50E785-D079-4784-BB36-04AB83221D88}.Debug|Any CPU.Build.0 = Debug|Any CPU
		{6D50E785-D079-4784-BB36-04AB83221D88}.Release|Any CPU.ActiveCfg = Release|Any CPU
		{6D50E785-D079-4784-BB36-04AB83221D88}.Release|Any CPU.Build.0 = Release|Any CPU
	EndGlobalSection
	GlobalSection(SolutionProperties) = preSolution
		HideSolutionNode = FALSE
	EndGlobalSection
	GlobalSection(ExtensibilityGlobals) = postSolution
		SolutionGuid = {E32CB0BF-CC9C-425E-BE05-650F4B93267D}
	EndGlobalSection
EndGlobal
